
Microsoft Visual Studio Solution File, Format Version 12.00
# Visual Studio Version 17
VisualStudioVersion = 17.7.34202.233
MinimumVisualStudioVersion = 10.0.40219.1
Project("{FAE04EC0-301F-11D3-BF4B-00C04F79EFBC}") = "grafikus", "grafikus\grafikus.csproj", "{2171BE64-4750-4152-B9CB-44516DAA3023}"
EndProject
Global
	GlobalSection(SolutionConfigurationPlatforms) = preSolution
		Debug|Any CPU = Debug|Any CPU
		Release|Any CPU = Release|Any CPU
	EndGlobalSection
	GlobalSection(ProjectConfigurationPlatforms) = postSolution
		{2171BE64-4750-4152-B9CB-44516DAA3023}.Debug|Any CPU.ActiveCfg = Debug|Any CPU
		{2171BE64-4750-4152-B9CB-44516DAA3023}.Debug|Any CPU.Build.0 = Debug|Any CPU
		{2171BE64-4750-4152-B9CB-44516DAA3023}.Release|Any CPU.ActiveCfg = Release|Any CPU
		{2171BE64-4750-4152-B9CB-44516DAA3023}.Release|Any CPU.Build.0 = Release|Any CPU
	EndGlobalSection
	GlobalSection(SolutionProperties) = preSolution
		HideSolutionNode = FALSE
	EndGlobalSection
	GlobalSection(ExtensibilityGlobals) = postSolution
		SolutionGuid = {E388CEF3-15BF-47D8-83B1-621C9BF9E61A}
	EndGlobalSection
EndGlobal
